
Microsoft Visual Studio Solution File, Format Version 12.00
# Visual Studio Version 17
VisualStudioVersion = 17.7.34031.279
MinimumVisualStudioVersion = 10.0.40219.1
Project("{2150E333-8FDC-42A3-9474-1A3956D46DE8}") = "90 Presentation", "90 Presentation", "{EEA7F4E7-8CA2-45FF-B0D2-498FB02098CE}"
EndProject
Project("{2150E333-8FDC-42A3-9474-1A3956D46DE8}") = "60 Modules", "60 Modules", "{C1D8C8D4-9BF3-4CED-85F4-EF22B1D4D4C2}"
EndProject
Project("{2150E333-8FDC-42A3-9474-1A3956D46DE8}") = "Purchases", "Purchases", "{AAB1D8C2-4CED-416F-99BA-2AD6F63AA332}"
EndProject
Project("{2150E333-8FDC-42A3-9474-1A3956D46DE8}") = "Warehouses", "Warehouses", "{9F7C7037-7AEA-471A-9406-133E9F03A299}"
EndProject
Project("{2150E333-8FDC-42A3-9474-1A3956D46DE8}") = "Sales", "Sales", "{56C73994-EF26-4D7C-A706-95DB5D5569C8}"
EndProject
Project("{FAE04EC0-301F-11D3-BF4B-00C04F79EFBC}") = "BrewUp.Sales.Facade", "Sales\BrewUp.Sales.Facade\BrewUp.Sales.Facade.csproj", "{FE8AC00A-ABBF-4638-99CD-F60CD9C6BA0B}"
EndProject
Project("{2150E333-8FDC-42A3-9474-1A3956D46DE8}") = "Tests", "Tests", "{1B8E362A-1EB1-4B46-BE0C-19FBF07B7A36}"
EndProject
Project("{FAE04EC0-301F-11D3-BF4B-00C04F79EFBC}") = "BrewUp.Sales.Domain", "Sales\BrewUp.Sales.Domain\BrewUp.Sales.Domain.csproj", "{E5BA19A3-4706-4CBF-BDD9-BE3B906355B8}"
EndProject
Project("{FAE04EC0-301F-11D3-BF4B-00C04F79EFBC}") = "BrewUp.Sales.Messages", "Sales\BrewUp.Sales.Messages\BrewUp.Sales.Messages.csproj", "{FBFBB763-2FE0-49A2-B884-EFD57CEAB299}"
EndProject
Project("{FAE04EC0-301F-11D3-BF4B-00C04F79EFBC}") = "BrewUp.Sales.Domain.Tests", "Sales\BrewUp.Sales.Domain.Tests\BrewUp.Sales.Domain.Tests.csproj", "{BB89E442-B644-4D4E-A74A-D5F89828FDD9}"
EndProject
Project("{FAE04EC0-301F-11D3-BF4B-00C04F79EFBC}") = "BrewUp.Sales.ReadModel", "Sales\BrewUp.Sales.ReadModel\BrewUp.Sales.ReadModel.csproj", "{6A037161-5AB2-4D3A-88B8-D0F1A854A3FE}"
EndProject
Project("{FAE04EC0-301F-11D3-BF4B-00C04F79EFBC}") = "BrewUp.Sales.SharedKernel", "Sales\BrewUp.Sales.SharedKernel\BrewUp.Sales.SharedKernel.csproj", "{4D461538-5681-4B60-BC1B-27100AD9BD40}"
EndProject
Project("{FAE04EC0-301F-11D3-BF4B-00C04F79EFBC}") = "BrewUp.Rest", "BrewUp.Rest\BrewUp.Rest.csproj", "{3FE42CCD-A4AD-4ECF-B14B-1D348964B698}"
EndProject
Global
	GlobalSection(SolutionConfigurationPlatforms) = preSolution
		Debug|Any CPU = Debug|Any CPU
		Release|Any CPU = Release|Any CPU
	EndGlobalSection
	GlobalSection(ProjectConfigurationPlatforms) = postSolution
		{FE8AC00A-ABBF-4638-99CD-F60CD9C6BA0B}.Debug|Any CPU.ActiveCfg = Debug|Any CPU
		{FE8AC00A-ABBF-4638-99CD-F60CD9C6BA0B}.Debug|Any CPU.Build.0 = Debug|Any CPU
		{FE8AC00A-ABBF-4638-99CD-F60CD9C6BA0B}.Release|Any CPU.ActiveCfg = Release|Any CPU
		{FE8AC00A-ABBF-4638-99CD-F60CD9C6BA0B}.Release|Any CPU.Build.0 = Release|Any CPU
		{E5BA19A3-4706-4CBF-BDD9-BE3B906355B8}.Debug|Any CPU.ActiveCfg = Debug|Any CPU
		{E5BA19A3-4706-4CBF-BDD9-BE3B906355B8}.Debug|Any CPU.Build.0 = Debug|Any CPU
		{E5BA19A3-4706-4CBF-BDD9-BE3B906355B8}.Release|Any CPU.ActiveCfg = Release|Any CPU
		{E5BA19A3-4706-4CBF-BDD9-BE3B906355B8}.Release|Any CPU.Build.0 = Release|Any CPU
		{FBFBB763-2FE0-49A2-B884-EFD57CEAB299}.Debug|Any CPU.ActiveCfg = Debug|Any CPU
		{FBFBB763-2FE0-49A2-B884-EFD57CEAB299}.Debug|Any CPU.Build.0 = Debug|Any CPU
		{FBFBB763-2FE0-49A2-B884-EFD57CEAB299}.Release|Any CPU.ActiveCfg = Release|Any CPU
		{FBFBB763-2FE0-49A2-B884-EFD57CEAB299}.Release|Any CPU.Build.0 = Release|Any CPU
		{BB89E442-B644-4D4E-A74A-D5F89828FDD9}.Debug|Any CPU.ActiveCfg = Debug|Any CPU
		{BB89E442-B644-4D4E-A74A-D5F89828FDD9}.Debug|Any CPU.Build.0 = Debug|Any CPU
		{BB89E442-B644-4D4E-A74A-D5F89828FDD9}.Release|Any CPU.ActiveCfg = Release|Any CPU
		{BB89E442-B644-4D4E-A74A-D5F89828FDD9}.Release|Any CPU.Build.0 = Release|Any CPU
		{6A037161-5AB2-4D3A-88B8-D0F1A854A3FE}.Debug|Any CPU.ActiveCfg = Debug|Any CPU
		{6A037161-5AB2-4D3A-88B8-D0F1A854A3FE}.Debug|Any CPU.Build.0 = Debug|Any CPU
		{6A037161-5AB2-4D3A-88B8-D0F1A854A3FE}.Release|Any CPU.ActiveCfg = Release|Any CPU
		{6A037161-5AB2-4D3A-88B8-D0F1A854A3FE}.Release|Any CPU.Build.0 = Release|Any CPU
		{4D461538-5681-4B60-BC1B-27100AD9BD40}.Debug|Any CPU.ActiveCfg = Debug|Any CPU
		{4D461538-5681-4B60-BC1B-27100AD9BD40}.Debug|Any CPU.Build.0 = Debug|Any CPU
		{4D461538-5681-4B60-BC1B-27100AD9BD40}.Release|Any CPU.ActiveCfg = Release|Any CPU
		{4D461538-5681-4B60-BC1B-27100AD9BD40}.Release|Any CPU.Build.0 = Release|Any CPU
		{3FE42CCD-A4AD-4ECF-B14B-1D348964B698}.Debug|Any CPU.ActiveCfg = Debug|Any CPU
		{3FE42CCD-A4AD-4ECF-B14B-1D348964B698}.Debug|Any CPU.Build.0 = Debug|Any CPU
		{3FE42CCD-A4AD-4ECF-B14B-1D348964B698}.Release|Any CPU.ActiveCfg = Release|Any CPU
		{3FE42CCD-A4AD-4ECF-B14B-1D348964B698}.Release|Any CPU.Build.0 = Release|Any CPU
	EndGlobalSection
	GlobalSection(SolutionProperties) = preSolution
		HideSolutionNode = FALSE
	EndGlobalSection
	GlobalSection(NestedProjects) = preSolution
		{AAB1D8C2-4CED-416F-99BA-2AD6F63AA332} = {C1D8C8D4-9BF3-4CED-85F4-EF22B1D4D4C2}
		{9F7C7037-7AEA-471A-9406-133E9F03A299} = {C1D8C8D4-9BF3-4CED-85F4-EF22B1D4D4C2}
		{56C73994-EF26-4D7C-A706-95DB5D5569C8} = {C1D8C8D4-9BF3-4CED-85F4-EF22B1D4D4C2}
		{1B8E362A-1EB1-4B46-BE0C-19FBF07B7A36} = {56C73994-EF26-4D7C-A706-95DB5D5569C8}
		{BB89E442-B644-4D4E-A74A-D5F89828FDD9} = {1B8E362A-1EB1-4B46-BE0C-19FBF07B7A36}
		{3FE42CCD-A4AD-4ECF-B14B-1D348964B698} = {EEA7F4E7-8CA2-45FF-B0D2-498FB02098CE}
		{E5BA19A3-4706-4CBF-BDD9-BE3B906355B8} = {56C73994-EF26-4D7C-A706-95DB5D5569C8}
		{FE8AC00A-ABBF-4638-99CD-F60CD9C6BA0B} = {56C73994-EF26-4D7C-A706-95DB5D5569C8}
		{FBFBB763-2FE0-49A2-B884-EFD57CEAB299} = {56C73994-EF26-4D7C-A706-95DB5D5569C8}
		{6A037161-5AB2-4D3A-88B8-D0F1A854A3FE} = {56C73994-EF26-4D7C-A706-95DB5D5569C8}
		{4D461538-5681-4B60-BC1B-27100AD9BD40} = {56C73994-EF26-4D7C-A706-95DB5D5569C8}
	EndGlobalSection
	GlobalSection(ExtensibilityGlobals) = postSolution
		SolutionGuid = {42E82F3E-7A96-4BC3-96FD-005B7244B966}
	EndGlobalSection
EndGlobal
